
Microsoft Visual Studio Solution File, Format Version 12.00
# Visual Studio Version 17
VisualStudioVersion = 17.14.36811.4 d17.14
MinimumVisualStudioVersion = 10.0.40219.1
Project("{FAE04EC0-301F-11D3-BF4B-00C04F79EFBC}") = "BalatonCLI", "BalatonCLI\BalatonCLI.csproj", "{CFB90382-A3A8-4F32-A746-B920444240BF}"
EndProject
Project("{FAE04EC0-301F-11D3-BF4B-00C04F79EFBC}") = "BalatonCLITests", "BalatonCLITests\BalatonCLITests.csproj", "{3063574B-498D-4111-BB76-DB253217613C}"
EndProject
Project("{FAE04EC0-301F-11D3-BF4B-00C04F79EFBC}") = "BalatonWPF", "BalatonWPF\BalatonWPF.csproj", "{40C9CCE2-0B59-4A5B-9696-436F79D20D52}"
EndProject
Global
	GlobalSection(SolutionConfigurationPlatforms) = preSolution
		Debug|Any CPU = Debug|Any CPU
		Release|Any CPU = Release|Any CPU
	EndGlobalSection
	GlobalSection(ProjectConfigurationPlatforms) = postSolution
		{CFB90382-A3A8-4F32-A746-B920444240BF}.Debug|Any CPU.ActiveCfg = Debug|Any CPU
		{CFB90382-A3A8-4F32-A746-B920444240BF}.Debug|Any CPU.Build.0 = Debug|Any CPU
		{CFB90382-A3A8-4F32-A746-B920444240BF}.Release|Any CPU.ActiveCfg = Release|Any CPU
		{CFB90382-A3A8-4F32-A746-B920444240BF}.Release|Any CPU.Build.0 = Release|Any CPU
		{3063574B-498D-4111-BB76-DB253217613C}.Debug|Any CPU.ActiveCfg = Debug|Any CPU
		{3063574B-498D-4111-BB76-DB253217613C}.Debug|Any CPU.Build.0 = Debug|Any CPU
		{3063574B-498D-4111-BB76-DB253217613C}.Release|Any CPU.ActiveCfg = Release|Any CPU
		{3063574B-498D-4111-BB76-DB253217613C}.Release|Any CPU.Build.0 = Release|Any CPU
		{40C9CCE2-0B59-4A5B-9696-436F79D20D52}.Debug|Any CPU.ActiveCfg = Debug|Any CPU
		{40C9CCE2-0B59-4A5B-9696-436F79D20D52}.Debug|Any CPU.Build.0 = Debug|Any CPU
		{40C9CCE2-0B59-4A5B-9696-436F79D20D52}.Release|Any CPU.ActiveCfg = Release|Any CPU
		{40C9CCE2-0B59-4A5B-9696-436F79D20D52}.Release|Any CPU.Build.0 = Release|Any CPU
	EndGlobalSection
	GlobalSection(SolutionProperties) = preSolution
		HideSolutionNode = FALSE
	EndGlobalSection
	GlobalSection(ExtensibilityGlobals) = postSolution
		SolutionGuid = {7043FE9C-F61E-48CB-AD5D-A72ED0C89575}
	EndGlobalSection
EndGlobal
